PODS:
  - Alamofire (5.6.2)
  - KakaoSDKAuth (2.16.0):
    - KakaoSDKCommon (= 2.16.0)
  - KakaoSDKCommon (2.16.0):
    - KakaoSDKCommon/Common (= 2.16.0)
    - KakaoSDKCommon/Network (= 2.16.0)
  - KakaoSDKCommon/Common (2.16.0)
  - KakaoSDKCommon/Network (2.16.0):
    - Alamofire (~> 5.1)
    - KakaoSDKCommon/Common (= 2.16.0)
  - KakaoSDKUser (2.16.0):
    - KakaoSDKAuth (= 2.16.0)

DEPENDENCIES:
  - Alamofire
  - KakaoSDKAuth
  - KakaoSDKCommon
  - KakaoSDKUser

SPEC REPOS:
  trunk:
    - Alamofire
    - KakaoSDKAuth
    - KakaoSDKCommon
    - KakaoSDKUser

SPEC CHECKSUMS:
  Alamofire: d368e1ff8a298e6dde360e35a3e68e6c610e7204
  KakaoSDKAuth: 1b85ed7c41b0517bfd1fc9dc46c292c75b8cb610
  KakaoSDKCommon: d6579aa2e9d963d74e13d741cbf1cce48b8b0c17
  KakaoSDKUser: 427e5b3884abd19ee6d9a7bd6e3f3029eb2968b8

PODFILE CHECKSUM: 43c21e200b9a7cbda187d3fd43e427b52055c4ce

COCOAPODS: 1.12.1
